
Microsoft Visual Studio Solution File, Format Version 12.00
# Visual Studio Version 17
VisualStudioVersion = 17.14.36518.9 d17.14
MinimumVisualStudioVersion = 10.0.40219.1
Project("{FAE04EC0-301F-11D3-BF4B-00C04F79EFBC}") = "AppDictionnaire", "AppDictionnaire\AppDictionnaire.csproj", "{049DA6D7-DCE6-47BE-BB2A-FC5713A72722}"
EndProject
Project("{FAE04EC0-301F-11D3-BF4B-00C04F79EFBC}") = "AppHachage", "AppHachage\AppHachage.csproj", "{EC4158E8-07D3-4441-A603-2397AED50FF4}"
EndProject
Global
	GlobalSection(SolutionConfigurationPlatforms) = preSolution
		Debug|Any CPU = Debug|Any CPU
		Release|Any CPU = Release|Any CPU
	EndGlobalSection
	GlobalSection(ProjectConfigurationPlatforms) = postSolution
		{049DA6D7-DCE6-47BE-BB2A-FC5713A72722}.Debug|Any CPU.ActiveCfg = Debug|Any CPU
		{049DA6D7-DCE6-47BE-BB2A-FC5713A72722}.Debug|Any CPU.Build.0 = Debug|Any CPU
		{049DA6D7-DCE6-47BE-BB2A-FC5713A72722}.Release|Any CPU.ActiveCfg = Release|Any CPU
		{049DA6D7-DCE6-47BE-BB2A-FC5713A72722}.Release|Any CPU.Build.0 = Release|Any CPU
		{EC4158E8-07D3-4441-A603-2397AED50FF4}.Debug|Any CPU.ActiveCfg = Debug|Any CPU
		{EC4158E8-07D3-4441-A603-2397AED50FF4}.Debug|Any CPU.Build.0 = Debug|Any CPU
		{EC4158E8-07D3-4441-A603-2397AED50FF4}.Release|Any CPU.ActiveCfg = Release|Any CPU
		{EC4158E8-07D3-4441-A603-2397AED50FF4}.Release|Any CPU.Build.0 = Release|Any CPU
	EndGlobalSection
	GlobalSection(SolutionProperties) = preSolution
		HideSolutionNode = FALSE
	EndGlobalSection
	GlobalSection(ExtensibilityGlobals) = postSolution
		SolutionGuid = {BC8EE470-2CED-493B-9438-B9A55B800672}
	EndGlobalSection
EndGlobal
